
Microsoft Visual Studio Solution File, Format Version 12.00
# Visual Studio Version 17
VisualStudioVersion = 17.4.33205.214
MinimumVisualStudioVersion = 10.0.40219.1
Project("{FAE04EC0-301F-11D3-BF4B-00C04F79EFBC}") = "GatewayMicroService", "GatewayMicroService\GatewayMicroService.csproj", "{2D00130D-F59D-4834-992A-D1E5ADBC0F40}"
EndProject
Global
	GlobalSection(SolutionConfigurationPlatforms) = preSolution
		Debug|Any CPU = Debug|Any CPU
		Release|Any CPU = Release|Any CPU
	EndGlobalSection
	GlobalSection(ProjectConfigurationPlatforms) = postSolution
		{2D00130D-F59D-4834-992A-D1E5ADBC0F40}.Debug|Any CPU.ActiveCfg = Debug|Any CPU
		{2D00130D-F59D-4834-992A-D1E5ADBC0F40}.Debug|Any CPU.Build.0 = Debug|Any CPU
		{2D00130D-F59D-4834-992A-D1E5ADBC0F40}.Release|Any CPU.ActiveCfg = Release|Any CPU
		{2D00130D-F59D-4834-992A-D1E5ADBC0F40}.Release|Any CPU.Build.0 = Release|Any CPU
	EndGlobalSection
	GlobalSection(SolutionProperties) = preSolution
		HideSolutionNode = FALSE
	EndGlobalSection
	GlobalSection(ExtensibilityGlobals) = postSolution
		SolutionGuid = {3E8DB7C2-73FF-4F62-BB47-75472081ECF9}
	EndGlobalSection
EndGlobal
